
Microsoft Visual Studio Solution File, Format Version 12.00
# Visual Studio Version 17
VisualStudioVersion = 17.11.35312.102
MinimumVisualStudioVersion = 10.0.40219.1
Project("{FAE04EC0-301F-11D3-BF4B-00C04F79EFBC}") = "Scanner", "Scanner\Scanner.csproj", "{E7A45112-A706-4F25-9259-879AC5F03074}"
EndProject
Global
	GlobalSection(SolutionConfigurationPlatforms) = preSolution
		Debug|Any CPU = Debug|Any CPU
		Release|Any CPU = Release|Any CPU
	EndGlobalSection
	GlobalSection(ProjectConfigurationPlatforms) = postSolution
		{E7A45112-A706-4F25-9259-879AC5F03074}.Debug|Any CPU.ActiveCfg = Debug|Any CPU
		{E7A45112-A706-4F25-9259-879AC5F03074}.Debug|Any CPU.Build.0 = Debug|Any CPU
		{E7A45112-A706-4F25-9259-879AC5F03074}.Release|Any CPU.ActiveCfg = Release|Any CPU
		{E7A45112-A706-4F25-9259-879AC5F03074}.Release|Any CPU.Build.0 = Release|Any CPU
	EndGlobalSection
	GlobalSection(SolutionProperties) = preSolution
		HideSolutionNode = FALSE
	EndGlobalSection
	GlobalSection(ExtensibilityGlobals) = postSolution
		SolutionGuid = {63527E58-4623-4049-BB35-BD0DDBCB163B}
	EndGlobalSection
EndGlobal
